
Microsoft Visual Studio Solution File, Format Version 12.00
# Visual Studio Version 17
VisualStudioVersion = 17.10.35122.118
MinimumVisualStudioVersion = 10.0.40219.1
Project("{FAE04EC0-301F-11D3-BF4B-00C04F79EFBC}") = "Conference", "Conference\Conference.csproj", "{77919AF1-3671-4B05-8844-D375150C568F}"
EndProject
Global
	GlobalSection(SolutionConfigurationPlatforms) = preSolution
		Debug|Any CPU = Debug|Any CPU
		Release|Any CPU = Release|Any CPU
	EndGlobalSection
	GlobalSection(ProjectConfigurationPlatforms) = postSolution
		{77919AF1-3671-4B05-8844-D375150C568F}.Debug|Any CPU.ActiveCfg = Debug|Any CPU
		{77919AF1-3671-4B05-8844-D375150C568F}.Debug|Any CPU.Build.0 = Debug|Any CPU
		{77919AF1-3671-4B05-8844-D375150C568F}.Release|Any CPU.ActiveCfg = Release|Any CPU
		{77919AF1-3671-4B05-8844-D375150C568F}.Release|Any CPU.Build.0 = Release|Any CPU
	EndGlobalSection
	GlobalSection(SolutionProperties) = preSolution
		HideSolutionNode = FALSE
	EndGlobalSection
	GlobalSection(ExtensibilityGlobals) = postSolution
		SolutionGuid = {15049080-ECC2-409F-B9F8-791B365E5A55}
	EndGlobalSection
EndGlobal
